// !$*UTF8*$!
{
	archiveVersion = 1;
	classes = {
	};
	objectVersion = 56;
	objects = {

/* Begin PBXBuildFile section */
		66C72DAC2B4AD4310025DE10 /* AppDelegate.swift in Sources */ = {isa = PBXBuildFile; fileRef = 66C72DAB2B4AD4310025DE10 /* AppDelegate.swift */; };
		66C72DAE2B4AD4310025DE10 /* SceneDelegate.swift in Sources */ = {isa = PBXBuildFile; fileRef = 66C72DAD2B4AD4310025DE10 /* SceneDelegate.swift */; };
		66C72DB02B4AD4310025DE10 /* ViewController.swift in Sources */ = {isa = PBXBuildFile; fileRef = 66C72DAF2B4AD4310025DE10 /* ViewController.swift */; };
		66C72DB32B4AD4310025DE10 /* Main.storyboard in Resources */ = {isa = PBXBuildFile; fileRef = 66C72DB12B4AD4310025DE10 /* Main.storyboard */; };
		66C72DB52B4AD4330025DE10 /* Assets.xcassets in Resources */ = {isa = PBXBuildFile; fileRef = 66C72DB42B4AD4330025DE10 /* Assets.xcassets */; };
		66C72DB82B4AD4330025DE10 /* LaunchScreen.storyboard in Resources */ = {isa = PBXBuildFile; fileRef = 66C72DB62B4AD4330025DE10 /* LaunchScreen.storyboard */; };
		66C72DC32B4AD4330025DE10 /* DoubleCalculatorDemoTests.swift in Sources */ = {isa = PBXBuildFile; fileRef = 66C72DC22B4AD4330025DE10 /* DoubleCalculatorDemoTests.swift */; };
		66C72DCD2B4AD4330025DE10 /* DoubleCalculatorDemoUITests.swift in Sources */ = {isa = PBXBuildFile; fileRef = 66C72DCC2B4AD4330025DE10 /* DoubleCalculatorDemoUITests.swift */; };
		66C72DCF2B4AD4330025DE10 /* DoubleCalculatorDemoUITestsLaunchTests.swift in Sources */ = {isa = PBXBuildFile; fileRef = 66C72DCE2B4AD4330025DE10 /* DoubleCalculatorDemoUITestsLaunchTests.swift */; };
		66C72DE02B4AD51B0025DE10 /* CaculatorType.swift in Sources */ = {isa = PBXBuildFile; fileRef = 66C72DDF2B4AD51B0025DE10 /* CaculatorType.swift */; };
		66C72DE32B4ADDFB0025DE10 /* DemoCalculator.swift in Sources */ = {isa = PBXBuildFile; fileRef = 66C72DE22B4ADDFB0025DE10 /* DemoCalculator.swift */; };
		66C72DE52B4ADE0C0025DE10 /* InputCommand.swift in Sources */ = {isa = PBXBuildFile; fileRef = 66C72DE42B4ADE0C0025DE10 /* InputCommand.swift */; };
		66E3B92B2B4BB4810072096D /* DemoCalculatorApp.swift in Sources */ = {isa = PBXBuildFile; fileRef = 66E3B92A2B4BB4810072096D /* DemoCalculatorApp.swift */; };
		66E3B92D2B4BB7910072096D /* DemoCalculatorView.swift in Sources */ = {isa = PBXBuildFile; fileRef = 66E3B92C2B4BB7910072096D /* DemoCalculatorView.swift */; };
		66E3B9302B4BB8220072096D /* CommandKeyViewModel.swift in Sources */ = {isa = PBXBuildFile; fileRef = 66E3B92F2B4BB8220072096D /* CommandKeyViewModel.swift */; };
		66E3B9322B4BBE440072096D /* DemoCalculatorCommandButtonView.swift in Sources */ = {isa = PBXBuildFile; fileRef = 66E3B9312B4BBE440072096D /* DemoCalculatorCommandButtonView.swift */; };
		66E3B9342B4CF40B0072096D /* CalculatorStateMachine.swift in Sources */ = {isa = PBXBuildFile; fileRef = 66E3B9332B4CF40B0072096D /* CalculatorStateMachine.swift */; };
		66E3B9362B4CF4940072096D /* Operand.swift in Sources */ = {isa = PBXBuildFile; fileRef = 66E3B9352B4CF4940072096D /* Operand.swift */; };
		66E3B9382B4CFE3A0072096D /* OperandTests.swift in Sources */ = {isa = PBXBuildFile; fileRef = 66E3B9372B4CFE3A0072096D /* OperandTests.swift */; };
		66E3B93A2B4D0A060072096D /* Operators.swift in Sources */ = {isa = PBXBuildFile; fileRef = 66E3B9392B4D0A060072096D /* Operators.swift */; };
		66E3B93C2B4D13180072096D /* OperandType.swift in Sources */ = {isa = PBXBuildFile; fileRef = 66E3B93B2B4D13180072096D /* OperandType.swift */; };
		66E3B93E2B4D8D600072096D /* OperatorDef.swift in Sources */ = {isa = PBXBuildFile; fileRef = 66E3B93D2B4D8D600072096D /* OperatorDef.swift */; };
		66E3B9402B4D8F0F0072096D /* KeyboardCommand.swift in Sources */ = {isa = PBXBuildFile; fileRef = 66E3B93F2B4D8F0F0072096D /* KeyboardCommand.swift */; };
		66E3B9422B4E706E0072096D /* CalculatorStateMachineTests.swift in Sources */ = {isa = PBXBuildFile; fileRef = 66E3B9412B4E706E0072096D /* CalculatorStateMachineTests.swift */; };
		66E3B9442B4F8BB40072096D /* KeyboardLayout.swift in Sources */ = {isa = PBXBuildFile; fileRef = 66E3B9432B4F8BB40072096D /* KeyboardLayout.swift */; };
		66E3B9462B4FB0EF0072096D /* Calculation.swift in Sources */ = {isa = PBXBuildFile; fileRef = 66E3B9452B4FB0EF0072096D /* Calculation.swift */; };
/* End PBXBuildFile section */

/* Begin PBXContainerItemProxy section */
		66C72DBF2B4AD4330025DE10 /* PBXContainerItemProxy */ = {
			isa = PBXContainerItemProxy;
			containerPortal = 66C72DA02B4AD4310025DE10 /* Project object */;
			proxyType = 1;
			remoteGlobalIDString = 66C72DA72B4AD4310025DE10;
			remoteInfo = DoubleCaculatorDemo;
		};
		66C72DC92B4AD4330025DE10 /* PBXContainerItemProxy */ = {
			isa = PBXContainerItemProxy;
			containerPortal = 66C72DA02B4AD4310025DE10 /* Project object */;
			proxyType = 1;
			remoteGlobalIDString = 66C72DA72B4AD4310025DE10;
			remoteInfo = DoubleCaculatorDemo;
		};
/* End PBXContainerItemProxy section */

/* Begin PBXFileReference section */
		66C72DA82B4AD4310025DE10 /* DoubleCalculatorDemo.app */ = {isa = PBXFileReference; explicitFileType = wrapper.application; includeInIndex = 0; path = DoubleCalculatorDemo.app; sourceTree = BUILT_PRODUCTS_DIR; };
		66C72DAB2B4AD4310025DE10 /* AppDelegate.swift */ = {isa = PBXFileReference; lastKnownFileType = sourcecode.swift; path = AppDelegate.swift; sourceTree = "<group>"; };
		66C72DAD2B4AD4310025DE10 /* SceneDelegate.swift */ = {isa = PBXFileReference; lastKnownFileType = sourcecode.swift; path = SceneDelegate.swift; sourceTree = "<group>"; };
		66C72DAF2B4AD4310025DE10 /* ViewController.swift */ = {isa = PBXFileReference; lastKnownFileType = sourcecode.swift; path = ViewController.swift; sourceTree = "<group>"; };
		66C72DB22B4AD4310025DE10 /* Base */ = {isa = PBXFileReference; lastKnownFileType = file.storyboard; name = Base; path = Base.lproj/Main.storyboard; sourceTree = "<group>"; };
		66C72DB42B4AD4330025DE10 /* Assets.xcassets */ = {isa = PBXFileReference; lastKnownFileType = folder.assetcatalog; path = Assets.xcassets; sourceTree = "<group>"; };
		66C72DB72B4AD4330025DE10 /* Base */ = {isa = PBXFileReference; lastKnownFileType = file.storyboard; name = Base; path = Base.lproj/LaunchScreen.storyboard; sourceTree = "<group>"; };
		66C72DB92B4AD4330025DE10 /* Info.plist */ = {isa = PBXFileReference; lastKnownFileType = text.plist.xml; path = Info.plist; sourceTree = "<group>"; };
		66C72DBE2B4AD4330025DE10 /* DoubleCalculatorDemoTests.xctest */ = {isa = PBXFileReference; explicitFileType = wrapper.cfbundle; includeInIndex = 0; path = DoubleCalculatorDemoTests.xctest; sourceTree = BUILT_PRODUCTS_DIR; };
		66C72DC22B4AD4330025DE10 /* DoubleCalculatorDemoTests.swift */ = {isa = PBXFileReference; lastKnownFileType = sourcecode.swift; path = DoubleCalculatorDemoTests.swift; sourceTree = "<group>"; };
		66C72DC82B4AD4330025DE10 /* DoubleCalculatorDemoUITests.xctest */ = {isa = PBXFileReference; explicitFileType = wrapper.cfbundle; includeInIndex = 0; path = DoubleCalculatorDemoUITests.xctest; sourceTree = BUILT_PRODUCTS_DIR; };
		66C72DCC2B4AD4330025DE10 /* DoubleCalculatorDemoUITests.swift */ = {isa = PBXFileReference; lastKnownFileType = sourcecode.swift; path = DoubleCalculatorDemoUITests.swift; sourceTree = "<group>"; };
		66C72DCE2B4AD4330025DE10 /* DoubleCalculatorDemoUITestsLaunchTests.swift */ = {isa = PBXFileReference; lastKnownFileType = sourcecode.swift; path = DoubleCalculatorDemoUITestsLaunchTests.swift; sourceTree = "<group>"; };
		66C72DDF2B4AD51B0025DE10 /* CaculatorType.swift */ = {isa = PBXFileReference; lastKnownFileType = sourcecode.swift; path = CaculatorType.swift; sourceTree = "<group>"; };
		66C72DE22B4ADDFB0025DE10 /* DemoCalculator.swift */ = {isa = PBXFileReference; lastKnownFileType = sourcecode.swift; path = DemoCalculator.swift; sourceTree = "<group>"; };
		66C72DE42B4ADE0C0025DE10 /* InputCommand.swift */ = {isa = PBXFileReference; lastKnownFileType = sourcecode.swift; path = InputCommand.swift; sourceTree = "<group>"; };
		66E3B92A2B4BB4810072096D /* DemoCalculatorApp.swift */ = {isa = PBXFileReference; lastKnownFileType = sourcecode.swift; path = DemoCalculatorApp.swift; sourceTree = "<group>"; };
		66E3B92C2B4BB7910072096D /* DemoCalculatorView.swift */ = {isa = PBXFileReference; lastKnownFileType = sourcecode.swift; path = DemoCalculatorView.swift; sourceTree = "<group>"; };
		66E3B92F2B4BB8220072096D /* CommandKeyViewModel.swift */ = {isa = PBXFileReference; lastKnownFileType = sourcecode.swift; path = CommandKeyViewModel.swift; sourceTree = "<group>"; };
		66E3B9312B4BBE440072096D /* DemoCalculatorCommandButtonView.swift */ = {isa = PBXFileReference; lastKnownFileType = sourcecode.swift; path = DemoCalculatorCommandButtonView.swift; sourceTree = "<group>"; };
		66E3B9332B4CF40B0072096D /* CalculatorStateMachine.swift */ = {isa = PBXFileReference; lastKnownFileType = sourcecode.swift; path = CalculatorStateMachine.swift; sourceTree = "<group>"; };
		66E3B9352B4CF4940072096D /* Operand.swift */ = {isa = PBXFileReference; lastKnownFileType = sourcecode.swift; path = Operand.swift; sourceTree = "<group>"; };
		66E3B9372B4CFE3A0072096D /* OperandTests.swift */ = {isa = PBXFileReference; lastKnownFileType = sourcecode.swift; path = OperandTests.swift; sourceTree = "<group>"; };
		66E3B9392B4D0A060072096D /* Operators.swift */ = {isa = PBXFileReference; lastKnownFileType = sourcecode.swift; path = Operators.swift; sourceTree = "<group>"; };
		66E3B93B2B4D13180072096D /* OperandType.swift */ = {isa = PBXFileReference; lastKnownFileType = sourcecode.swift; path = OperandType.swift; sourceTree = "<group>"; };
		66E3B93D2B4D8D600072096D /* OperatorDef.swift */ = {isa = PBXFileReference; lastKnownFileType = sourcecode.swift; path = OperatorDef.swift; sourceTree = "<group>"; };
		66E3B93F2B4D8F0F0072096D /* KeyboardCommand.swift */ = {isa = PBXFileReference; lastKnownFileType = sourcecode.swift; path = KeyboardCommand.swift; sourceTree = "<group>"; };
		66E3B9412B4E706E0072096D /* CalculatorStateMachineTests.swift */ = {isa = PBXFileReference; lastKnownFileType = sourcecode.swift; path = CalculatorStateMachineTests.swift; sourceTree = "<group>"; };
		66E3B9432B4F8BB40072096D /* KeyboardLayout.swift */ = {isa = PBXFileReference; lastKnownFileType = sourcecode.swift; path = KeyboardLayout.swift; sourceTree = "<group>"; };
		66E3B9452B4FB0EF0072096D /* Calculation.swift */ = {isa = PBXFileReference; lastKnownFileType = sourcecode.swift; path = Calculation.swift; sourceTree = "<group>"; };
/* End PBXFileReference section */

/* Begin PBXFrameworksBuildPhase section */
		66C72DA52B4AD4310025DE10 /* Frameworks */ = {
			isa = PBXFrameworksBuildPhase;
			buildActionMask = 2147483647;
			files = (
			);
			runOnlyForDeploymentPostprocessing = 0;
		};
		66C72DBB2B4AD4330025DE10 /* Frameworks */ = {
			isa = PBXFrameworksBuildPhase;
			buildActionMask = 2147483647;
			files = (
			);
			runOnlyForDeploymentPostprocessing = 0;
		};
		66C72DC52B4AD4330025DE10 /* Frameworks */ = {
			isa = PBXFrameworksBuildPhase;
			buildActionMask = 2147483647;
			files = (
			);
			runOnlyForDeploymentPostprocessing = 0;
		};
/* End PBXFrameworksBuildPhase section */

/* Begin PBXGroup section */
		66C72D9F2B4AD4310025DE10 = {
			isa = PBXGroup;
			children = (
				66C72DAA2B4AD4310025DE10 /* DoubleCaculatorDemo */,
				66C72DC12B4AD4330025DE10 /* DoubleCalculatorDemoTests */,
				66C72DCB2B4AD4330025DE10 /* DoubleCalculatorDemoUITests */,
				66C72DA92B4AD4310025DE10 /* Products */,
			);
			sourceTree = "<group>";
		};
		66C72DA92B4AD4310025DE10 /* Products */ = {
			isa = PBXGroup;
			children = (
				66C72DA82B4AD4310025DE10 /* DoubleCalculatorDemo.app */,
				66C72DBE2B4AD4330025DE10 /* DoubleCalculatorDemoTests.xctest */,
				66C72DC82B4AD4330025DE10 /* DoubleCalculatorDemoUITests.xctest */,
			);
			name = Products;
			sourceTree = "<group>";
		};
		66C72DAA2B4AD4310025DE10 /* DoubleCaculatorDemo */ = {
			isa = PBXGroup;
			children = (
				66C72DDB2B4AD4D90025DE10 /* Classes */,
				66C72DAB2B4AD4310025DE10 /* AppDelegate.swift */,
				66C72DAD2B4AD4310025DE10 /* SceneDelegate.swift */,
				66C72DAF2B4AD4310025DE10 /* ViewController.swift */,
				66C72DB12B4AD4310025DE10 /* Main.storyboard */,
				66C72DB42B4AD4330025DE10 /* Assets.xcassets */,
				66C72DB62B4AD4330025DE10 /* LaunchScreen.storyboard */,
				66C72DB92B4AD4330025DE10 /* Info.plist */,
			);
			path = DoubleCaculatorDemo;
			sourceTree = "<group>";
		};
		66C72DC12B4AD4330025DE10 /* DoubleCalculatorDemoTests */ = {
			isa = PBXGroup;
			children = (
				66C72DC22B4AD4330025DE10 /* DoubleCalculatorDemoTests.swift */,
				66E3B9372B4CFE3A0072096D /* OperandTests.swift */,
				66E3B9412B4E706E0072096D /* CalculatorStateMachineTests.swift */,
			);
			path = DoubleCalculatorDemoTests;
			sourceTree = "<group>";
		};
		66C72DCB2B4AD4330025DE10 /* DoubleCalculatorDemoUITests */ = {
			isa = PBXGroup;
			children = (
				66C72DCC2B4AD4330025DE10 /* DoubleCalculatorDemoUITests.swift */,
				66C72DCE2B4AD4330025DE10 /* DoubleCalculatorDemoUITestsLaunchTests.swift */,
			);
			path = DoubleCalculatorDemoUITests;
			sourceTree = "<group>";
		};
		66C72DDB2B4AD4D90025DE10 /* Classes */ = {
			isa = PBXGroup;
			children = (
				66C72DE12B4ADDC50025DE10 /* Model */,
				66C72DDE2B4AD4F70025DE10 /* Controller */,
				66C72DDD2B4AD4F00025DE10 /* View */,
			);
			path = Classes;
			sourceTree = "<group>";
		};
		66C72DDC2B4AD4E70025DE10 /* Protocol */ = {
			isa = PBXGroup;
			children = (
				66C72DDF2B4AD51B0025DE10 /* CaculatorType.swift */,
				66E3B93B2B4D13180072096D /* OperandType.swift */,
			);
			path = Protocol;
			sourceTree = "<group>";
		};
		66C72DDD2B4AD4F00025DE10 /* View */ = {
			isa = PBXGroup;
			children = (
				66E3B92E2B4BB8120072096D /* ViewModel */,
				66E3B92C2B4BB7910072096D /* DemoCalculatorView.swift */,
				66E3B9312B4BBE440072096D /* DemoCalculatorCommandButtonView.swift */,
			);
			path = View;
			sourceTree = "<group>";
		};
		66C72DDE2B4AD4F70025DE10 /* Controller */ = {
			isa = PBXGroup;
			children = (
			);
			path = Controller;
			sourceTree = "<group>";
		};
		66C72DE12B4ADDC50025DE10 /* Model */ = {
			isa = PBXGroup;
			children = (
				66C72DDC2B4AD4E70025DE10 /* Protocol */,
				66C72DE22B4ADDFB0025DE10 /* DemoCalculator.swift */,
				66C72DE42B4ADE0C0025DE10 /* InputCommand.swift */,
				66E3B92A2B4BB4810072096D /* DemoCalculatorApp.swift */,
				66E3B9332B4CF40B0072096D /* CalculatorStateMachine.swift */,
				66E3B9352B4CF4940072096D /* Operand.swift */,
				66E3B9392B4D0A060072096D /* Operators.swift */,
				66E3B93D2B4D8D600072096D /* OperatorDef.swift */,
				66E3B9452B4FB0EF0072096D /* Calculation.swift */,
			);
			path = Model;
			sourceTree = "<group>";
		};
		66E3B92E2B4BB8120072096D /* ViewModel */ = {
			isa = PBXGroup;
			children = (
				66E3B92F2B4BB8220072096D /* CommandKeyViewModel.swift */,
				66E3B93F2B4D8F0F0072096D /* KeyboardCommand.swift */,
				66E3B9432B4F8BB40072096D /* KeyboardLayout.swift */,
			);
			path = ViewModel;
			sourceTree = "<group>";
		};
/* End PBXGroup section */

/* Begin PBXNativeTarget section */
		66C72DA72B4AD4310025DE10 /* DoubleCalculatorDemo */ = {
			isa = PBXNativeTarget;
			buildConfigurationList = 66C72DD22B4AD4330025DE10 /* Build configuration list for PBXNativeTarget "DoubleCalculatorDemo" */;
			buildPhases = (
				66C72DA42B4AD4310025DE10 /* Sources */,
				66C72DA52B4AD4310025DE10 /* Frameworks */,
				66C72DA62B4AD4310025DE10 /* Resources */,
			);
			buildRules = (
			);
			dependencies = (
			);
			name = DoubleCalculatorDemo;
			productName = DoubleCaculatorDemo;
			productReference = 66C72DA82B4AD4310025DE10 /* DoubleCalculatorDemo.app */;
			productType = "com.apple.product-type.application";
		};
		66C72DBD2B4AD4330025DE10 /* DoubleCalculatorDemoTests */ = {
			isa = PBXNativeTarget;
			buildConfigurationList = 66C72DD52B4AD4330025DE10 /* Build configuration list for PBXNativeTarget "DoubleCalculatorDemoTests" */;
			buildPhases = (
				66C72DBA2B4AD4330025DE10 /* Sources */,
				66C72DBB2B4AD4330025DE10 /* Frameworks */,
				66C72DBC2B4AD4330025DE10 /* Resources */,
			);
			buildRules = (
			);
			dependencies = (
				66C72DC02B4AD4330025DE10 /* PBXTargetDependency */,
			);
			name = DoubleCalculatorDemoTests;
			productName = DoubleCaculatorDemoTests;
			productReference = 66C72DBE2B4AD4330025DE10 /* DoubleCalculatorDemoTests.xctest */;
			productType = "com.apple.product-type.bundle.unit-test";
		};
		66C72DC72B4AD4330025DE10 /* DoubleCalculatorDemoUITests */ = {
			isa = PBXNativeTarget;
			buildConfigurationList = 66C72DD82B4AD4330025DE10 /* Build configuration list for PBXNativeTarget "DoubleCalculatorDemoUITests" */;
			buildPhases = (
				66C72DC42B4AD4330025DE10 /* Sources */,
				66C72DC52B4AD4330025DE10 /* Frameworks */,
				66C72DC62B4AD4330025DE10 /* Resources */,
			);
			buildRules = (
			);
			dependencies = (
				66C72DCA2B4AD4330025DE10 /* PBXTargetDependency */,
			);
			name = DoubleCalculatorDemoUITests;
			productName = DoubleCaculatorDemoUITests;
			productReference = 66C72DC82B4AD4330025DE10 /* DoubleCalculatorDemoUITests.xctest */;
			productType = "com.apple.product-type.bundle.ui-testing";
		};
/* End PBXNativeTarget section */

/* Begin PBXProject section */
		66C72DA02B4AD4310025DE10 /* Project object */ = {
			isa = PBXProject;
			attributes = {
				BuildIndependentTargetsInParallel = 1;
				LastSwiftUpdateCheck = 1510;
				LastUpgradeCheck = 1510;
				TargetAttributes = {
					66C72DA72B4AD4310025DE10 = {
						CreatedOnToolsVersion = 15.1;
					};
					66C72DBD2B4AD4330025DE10 = {
						CreatedOnToolsVersion = 15.1;
						TestTargetID = 66C72DA72B4AD4310025DE10;
					};
					66C72DC72B4AD4330025DE10 = {
						CreatedOnToolsVersion = 15.1;
						TestTargetID = 66C72DA72B4AD4310025DE10;
					};
				};
			};
			buildConfigurationList = 66C72DA32B4AD4310025DE10 /* Build configuration list for PBXProject "DoubleCalculatorDemo" */;
			compatibilityVersion = "Xcode 14.0";
			developmentRegion = en;
			hasScannedForEncodings = 0;
			knownRegions = (
				en,
				Base,
			);
			mainGroup = 66C72D9F2B4AD4310025DE10;
			productRefGroup = 66C72DA92B4AD4310025DE10 /* Products */;
			projectDirPath = "";
			projectRoot = "";
			targets = (
				66C72DA72B4AD4310025DE10 /* DoubleCalculatorDemo */,
				66C72DBD2B4AD4330025DE10 /* DoubleCalculatorDemoTests */,
				66C72DC72B4AD4330025DE10 /* DoubleCalculatorDemoUITests */,
			);
		};
/* End PBXProject section */

/* Begin PBXResourcesBuildPhase section */
		66C72DA62B4AD4310025DE10 /* Resources */ = {
			isa = PBXResourcesBuildPhase;
			buildActionMask = 2147483647;
			files = (
				66C72DB82B4AD4330025DE10 /* LaunchScreen.storyboard in Resources */,
				66C72DB52B4AD4330025DE10 /* Assets.xcassets in Resources */,
				66C72DB32B4AD4310025DE10 /* Main.storyboard in Resources */,
			);
			runOnlyForDeploymentPostprocessing = 0;
		};
		66C72DBC2B4AD4330025DE10 /* Resources */ = {
			isa = PBXResourcesBuildPhase;
			buildActionMask = 2147483647;
			files = (
			);
			runOnlyForDeploymentPostprocessing = 0;
		};
		66C72DC62B4AD4330025DE10 /* Resources */ = {
			isa = PBXResourcesBuildPhase;
			buildActionMask = 2147483647;
			files = (
			);
			runOnlyForDeploymentPostprocessing = 0;
		};
/* End PBXResourcesBuildPhase section */

/* Begin PBXSourcesBuildPhase section */
		66C72DA42B4AD4310025DE10 /* Sources */ = {
			isa = PBXSourcesBuildPhase;
			buildActionMask = 2147483647;
			files = (
				66E3B9402B4D8F0F0072096D /* KeyboardCommand.swift in Sources */,
				66E3B9462B4FB0EF0072096D /* Calculation.swift in Sources */,
				66E3B92B2B4BB4810072096D /* DemoCalculatorApp.swift in Sources */,
				66C72DB02B4AD4310025DE10 /* ViewController.swift in Sources */,
				66E3B9302B4BB8220072096D /* CommandKeyViewModel.swift in Sources */,
				66E3B93E2B4D8D600072096D /* OperatorDef.swift in Sources */,
				66E3B9342B4CF40B0072096D /* CalculatorStateMachine.swift in Sources */,
				66E3B9322B4BBE440072096D /* DemoCalculatorCommandButtonView.swift in Sources */,
				66E3B9442B4F8BB40072096D /* KeyboardLayout.swift in Sources */,
				66E3B93C2B4D13180072096D /* OperandType.swift in Sources */,
				66C72DAC2B4AD4310025DE10 /* AppDelegate.swift in Sources */,
				66C72DE02B4AD51B0025DE10 /* CaculatorType.swift in Sources */,
				66C72DE32B4ADDFB0025DE10 /* DemoCalculator.swift in Sources */,
				66E3B92D2B4BB7910072096D /* DemoCalculatorView.swift in Sources */,
				66E3B93A2B4D0A060072096D /* Operators.swift in Sources */,
				66E3B9362B4CF4940072096D /* Operand.swift in Sources */,
				66C72DAE2B4AD4310025DE10 /* SceneDelegate.swift in Sources */,
				66C72DE52B4ADE0C0025DE10 /* InputCommand.swift in Sources */,
			);
			runOnlyForDeploymentPostprocessing = 0;
		};
		66C72DBA2B4AD4330025DE10 /* Sources */ = {
			isa = PBXSourcesBuildPhase;
			buildActionMask = 2147483647;
			files = (
				66E3B9422B4E706E0072096D /* CalculatorStateMachineTests.swift in Sources */,
				66C72DC32B4AD4330025DE10 /* DoubleCalculatorDemoTests.swift in Sources */,
				66E3B9382B4CFE3A0072096D /* OperandTests.swift in Sources */,
			);
			runOnlyForDeploymentPostprocessing = 0;
		};
		66C72DC42B4AD4330025DE10 /* Sources */ = {
			isa = PBXSourcesBuildPhase;
			buildActionMask = 2147483647;
			files = (
				66C72DCD2B4AD4330025DE10 /* DoubleCalculatorDemoUITests.swift in Sources */,
				66C72DCF2B4AD4330025DE10 /* DoubleCalculatorDemoUITestsLaunchTests.swift in Sources */,
			);
			runOnlyForDeploymentPostprocessing = 0;
		};
/* End PBXSourcesBuildPhase section */

/* Begin PBXTargetDependency section */
		66C72DC02B4AD4330025DE10 /* PBXTargetDependency */ = {
			isa = PBXTargetDependency;
			target = 66C72DA72B4AD4310025DE10 /* DoubleCalculatorDemo */;
			targetProxy = 66C72DBF2B4AD4330025DE10 /* PBXContainerItemProxy */;
		};
		66C72DCA2B4AD4330025DE10 /* PBXTargetDependency */ = {
			isa = PBXTargetDependency;
			target = 66C72DA72B4AD4310025DE10 /* DoubleCalculatorDemo */;
			targetProxy = 66C72DC92B4AD4330025DE10 /* PBXContainerItemProxy */;
		};
/* End PBXTargetDependency section */

/* Begin PBXVariantGroup section */
		66C72DB12B4AD4310025DE10 /* Main.storyboard */ = {
			isa = PBXVariantGroup;
			children = (
				66C72DB22B4AD4310025DE10 /* Base */,
			);
			name = Main.storyboard;
			sourceTree = "<group>";
		};
		66C72DB62B4AD4330025DE10 /* LaunchScreen.storyboard */ = {
			isa = PBXVariantGroup;
			children = (
				66C72DB72B4AD4330025DE10 /* Base */,
			);
			name = LaunchScreen.storyboard;
			sourceTree = "<group>";
		};
/* End PBXVariantGroup section */

/* Begin XCBuildConfiguration section */
		66C72DD02B4AD4330025DE10 /* Debug */ = {
			isa = XCBuildConfiguration;
			buildSettings = {
				ALWAYS_SEARCH_USER_PATHS = NO;
				ASSETCATALOG_COMPILER_GENERATE_SWIFT_ASSET_SYMBOL_EXTENSIONS = YES;
				CLANG_ANALYZER_NONNULL = YES;
				CLANG_ANALYZER_NUMBER_OBJECT_CONVERSION = YES_AGGRESSIVE;
				CLANG_CXX_LANGUAGE_STANDARD = "gnu++20";
				CLANG_ENABLE_MODULES = YES;
				CLANG_ENABLE_OBJC_ARC = YES;
				CLANG_ENABLE_OBJC_WEAK = YES;
				CLANG_WARN_BLOCK_CAPTURE_AUTORELEASING = YES;
				CLANG_WARN_BOOL_CONVERSION = YES;
				CLANG_WARN_COMMA = YES;
				CLANG_WARN_CONSTANT_CONVERSION = YES;
				CLANG_WARN_DEPRECATED_OBJC_IMPLEMENTATIONS = YES;
				CLANG_WARN_DIRECT_OBJC_ISA_USAGE = YES_ERROR;
				CLANG_WARN_DOCUMENTATION_COMMENTS = YES;
				CLANG_WARN_EMPTY_BODY = YES;
				CLANG_WARN_ENUM_CONVERSION = YES;
				CLANG_WARN_INFINITE_RECURSION = YES;
				CLANG_WARN_INT_CONVERSION = YES;
				CLANG_WARN_NON_LITERAL_NULL_CONVERSION = YES;
				CLANG_WARN_OBJC_IMPLICIT_RETAIN_SELF = YES;
				CLANG_WARN_OBJC_LITERAL_CONVERSION = YES;
				CLANG_WARN_OBJC_ROOT_CLASS = YES_ERROR;
				CLANG_WARN_QUOTED_INCLUDE_IN_FRAMEWORK_HEADER = YES;
				CLANG_WARN_RANGE_LOOP_ANALYSIS = YES;
				CLANG_WARN_STRICT_PROTOTYPES = YES;
				CLANG_WARN_SUSPICIOUS_MOVE = YES;
				CLANG_WARN_UNGUARDED_AVAILABILITY = YES_AGGRESSIVE;
				CLANG_WARN_UNREACHABLE_CODE = YES;
				CLANG_WARN__DUPLICATE_METHOD_MATCH = YES;
				COPY_PHASE_STRIP = NO;
				DEBUG_INFORMATION_FORMAT = dwarf;
				ENABLE_STRICT_OBJC_MSGSEND = YES;
				ENABLE_TESTABILITY = YES;
				ENABLE_USER_SCRIPT_SANDBOXING = YES;
				GCC_C_LANGUAGE_STANDARD = gnu17;
				GCC_DYNAMIC_NO_PIC = NO;
				GCC_NO_COMMON_BLOCKS = YES;
				GCC_OPTIMIZATION_LEVEL = 0;
				GCC_PREPROCESSOR_DEFINITIONS = (
					"DEBUG=1",
					"$(inherited)",
				);
				GCC_WARN_64_TO_32_BIT_CONVERSION = YES;
				GCC_WARN_ABOUT_RETURN_TYPE = YES_ERROR;
				GCC_WARN_UNDECLARED_SELECTOR = YES;
				GCC_WARN_UNINITIALIZED_AUTOS = YES_AGGRESSIVE;
				GCC_WARN_UNUSED_FUNCTION = YES;
				GCC_WARN_UNUSED_VARIABLE = YES;
				IPHONEOS_DEPLOYMENT_TARGET = 17.2;
				LOCALIZATION_PREFERS_STRING_CATALOGS = YES;
				MTL_ENABLE_DEBUG_INFO = INCLUDE_SOURCE;
				MTL_FAST_MATH = YES;
				ONLY_ACTIVE_ARCH = YES;
				SDKROOT = iphoneos;
				SWIFT_ACTIVE_COMPILATION_CONDITIONS = "DEBUG $(inherited)";
				SWIFT_OPTIMIZATION_LEVEL = "-Onone";
			};
			name = Debug;
		};
		66C72DD12B4AD4330025DE10 /* Release */ = {
			isa = XCBuildConfiguration;
			buildSettings = {
				ALWAYS_SEARCH_USER_PATHS = NO;
				ASSETCATALOG_COMPILER_GENERATE_SWIFT_ASSET_SYMBOL_EXTENSIONS = YES;
				CLANG_ANALYZER_NONNULL = YES;
				CLANG_ANALYZER_NUMBER_OBJECT_CONVERSION = YES_AGGRESSIVE;
				CLANG_CXX_LANGUAGE_STANDARD = "gnu++20";
				CLANG_ENABLE_MODULES = YES;
				CLANG_ENABLE_OBJC_ARC = YES;
				CLANG_ENABLE_OBJC_WEAK = YES;
				CLANG_WARN_BLOCK_CAPTURE_AUTORELEASING = YES;
				CLANG_WARN_BOOL_CONVERSION = YES;
				CLANG_WARN_COMMA = YES;
				CLANG_WARN_CONSTANT_CONVERSION = YES;
				CLANG_WARN_DEPRECATED_OBJC_IMPLEMENTATIONS = YES;
				CLANG_WARN_DIRECT_OBJC_ISA_USAGE = YES_ERROR;
				CLANG_WARN_DOCUMENTATION_COMMENTS = YES;
				CLANG_WARN_EMPTY_BODY = YES;
				CLANG_WARN_ENUM_CONVERSION = YES;
				CLANG_WARN_INFINITE_RECURSION = YES;
				CLANG_WARN_INT_CONVERSION = YES;
				CLANG_WARN_NON_LITERAL_NULL_CONVERSION = YES;
				CLANG_WARN_OBJC_IMPLICIT_RETAIN_SELF = YES;
				CLANG_WARN_OBJC_LITERAL_CONVERSION = YES;
				CLANG_WARN_OBJC_ROOT_CLASS = YES_ERROR;
				CLANG_WARN_QUOTED_INCLUDE_IN_FRAMEWORK_HEADER = YES;
				CLANG_WARN_RANGE_LOOP_ANALYSIS = YES;
				CLANG_WARN_STRICT_PROTOTYPES = YES;
				CLANG_WARN_SUSPICIOUS_MOVE = YES;
				CLANG_WARN_UNGUARDED_AVAILABILITY = YES_AGGRESSIVE;
				CLANG_WARN_UNREACHABLE_CODE = YES;
				CLANG_WARN__DUPLICATE_METHOD_MATCH = YES;
				COPY_PHASE_STRIP = NO;
				DEBUG_INFORMATION_FORMAT = "dwarf-with-dsym";
				ENABLE_NS_ASSERTIONS = NO;
				ENABLE_STRICT_OBJC_MSGSEND = YES;
				ENABLE_USER_SCRIPT_SANDBOXING = YES;
				GCC_C_LANGUAGE_STANDARD = gnu17;
				GCC_NO_COMMON_BLOCKS = YES;
				GCC_WARN_64_TO_32_BIT_CONVERSION = YES;
				GCC_WARN_ABOUT_RETURN_TYPE = YES_ERROR;
				GCC_WARN_UNDECLARED_SELECTOR = YES;
				GCC_WARN_UNINITIALIZED_AUTOS = YES_AGGRESSIVE;
				GCC_WARN_UNUSED_FUNCTION = YES;
				GCC_WARN_UNUSED_VARIABLE = YES;
				IPHONEOS_DEPLOYMENT_TARGET = 17.2;
				LOCALIZATION_PREFERS_STRING_CATALOGS = YES;
				MTL_ENABLE_DEBUG_INFO = NO;
				MTL_FAST_MATH = YES;
				SDKROOT = iphoneos;
				SWIFT_COMPILATION_MODE = wholemodule;
				VALIDATE_PRODUCT = YES;
			};
			name = Release;
		};
		66C72DD32B4AD4330025DE10 /* Debug */ = {
			isa = XCBuildConfiguration;
			buildSettings = {
				ASSETCATALOG_COMPILER_APPICON_NAME = AppIcon;
				ASSETCATALOG_COMPILER_GLOBAL_ACCENT_COLOR_NAME = AccentColor;
				CODE_SIGN_STYLE = Automatic;
				CURRENT_PROJECT_VERSION = 1;
				DEVELOPMENT_TEAM = U7Q4TM39AA;
				GENERATE_INFOPLIST_FILE = YES;
				INFOPLIST_FILE = DoubleCaculatorDemo/Info.plist;
				INFOPLIST_KEY_UIApplicationSupportsIndirectInputEvents = YES;
				INFOPLIST_KEY_UILaunchStoryboardName = LaunchScreen;
				INFOPLIST_KEY_UIMainStoryboardFile = Main;
				INFOPLIST_KEY_UISupportedInterfaceOrientations_iPad = "UIInterfaceOrientationPortrait UIInterfaceOrientationPortraitUpsideDown UIInterfaceOrientationLandscapeLeft UIInterfaceOrientationLandscapeRight";
				INFOPLIST_KEY_UISupportedInterfaceOrientations_iPhone = "UIInterfaceOrientationPortrait UIInterfaceOrientationLandscapeLeft UIInterfaceOrientationLandscapeRight";
				LD_RUNPATH_SEARCH_PATHS = (
					"$(inherited)",
					"@executable_path/Frameworks",
				);
				MARKETING_VERSION = 1.0;
				PRODUCT_BUNDLE_IDENTIFIER = com.maxiao.ios.DoubleCalculatorDemo;
				PRODUCT_NAME = "$(TARGET_NAME)";
				SWIFT_EMIT_LOC_STRINGS = YES;
				SWIFT_VERSION = 5.0;
				TARGETED_DEVICE_FAMILY = "1,2";
			};
			name = Debug;
		};
		66C72DD42B4AD4330025DE10 /* Release */ = {
			isa = XCBuildConfiguration;
			buildSettings = {
				ASSETCATALOG_COMPILER_APPICON_NAME = AppIcon;
				ASSETCATALOG_COMPILER_GLOBAL_ACCENT_COLOR_NAME = AccentColor;
				CODE_SIGN_STYLE = Automatic;
				CURRENT_PROJECT_VERSION = 1;
				DEVELOPMENT_TEAM = U7Q4TM39AA;
				GENERATE_INFOPLIST_FILE = YES;
				INFOPLIST_FILE = DoubleCaculatorDemo/Info.plist;
				INFOPLIST_KEY_UIApplicationSupportsIndirectInputEvents = YES;
				INFOPLIST_KEY_UILaunchStoryboardName = LaunchScreen;
				INFOPLIST_KEY_UIMainStoryboardFile = Main;
				INFOPLIST_KEY_UISupportedInterfaceOrientations_iPad = "UIInterfaceOrientationPortrait UIInterfaceOrientationPortraitUpsideDown UIInterfaceOrientationLandscapeLeft UIInterfaceOrientationLandscapeRight";
				INFOPLIST_KEY_UISupportedInterfaceOrientations_iPhone = "UIInterfaceOrientationPortrait UIInterfaceOrientationLandscapeLeft UIInterfaceOrientationLandscapeRight";
				LD_RUNPATH_SEARCH_PATHS = (
					"$(inherited)",
					"@executable_path/Frameworks",
				);
				MARKETING_VERSION = 1.0;
				PRODUCT_BUNDLE_IDENTIFIER = com.maxiao.ios.DoubleCalculatorDemo;
				PRODUCT_NAME = "$(TARGET_NAME)";
				SWIFT_EMIT_LOC_STRINGS = YES;
				SWIFT_VERSION = 5.0;
				TARGETED_DEVICE_FAMILY = "1,2";
			};
			name = Release;
		};
		66C72DD62B4AD4330025DE10 /* Debug */ = {
			isa = XCBuildConfiguration;
			buildSettings = {
				ALWAYS_EMBED_SWIFT_STANDARD_LIBRARIES = YES;
				BUNDLE_LOADER = "$(TEST_HOST)";
				CODE_SIGN_STYLE = Automatic;
				CURRENT_PROJECT_VERSION = 1;
				DEVELOPMENT_TEAM = U7Q4TM39AA;
				GENERATE_INFOPLIST_FILE = YES;
				IPHONEOS_DEPLOYMENT_TARGET = 17.2;
				MARKETING_VERSION = 1.0;
				PRODUCT_BUNDLE_IDENTIFIER = com.maxiao.ios.DoubleCaculatorDemoTests;
				PRODUCT_NAME = "$(TARGET_NAME)";
				SWIFT_EMIT_LOC_STRINGS = NO;
				SWIFT_VERSION = 5.0;
				TARGETED_DEVICE_FAMILY = "1,2";
				TEST_HOST = "$(BUILT_PRODUCTS_DIR)/DoubleCalculatorDemo.app/$(BUNDLE_EXECUTABLE_FOLDER_PATH)/DoubleCalculatorDemo";
			};
			name = Debug;
		};
		66C72DD72B4AD4330025DE10 /* Release */ = {
			isa = XCBuildConfiguration;
			buildSettings = {
				ALWAYS_EMBED_SWIFT_STANDARD_LIBRARIES = YES;
				BUNDLE_LOADER = "$(TEST_HOST)";
				CODE_SIGN_STYLE = Automatic;
				CURRENT_PROJECT_VERSION = 1;
				DEVELOPMENT_TEAM = U7Q4TM39AA;
				GENERATE_INFOPLIST_FILE = YES;
				IPHONEOS_DEPLOYMENT_TARGET = 17.2;
				MARKETING_VERSION = 1.0;
				PRODUCT_BUNDLE_IDENTIFIER = com.maxiao.ios.DoubleCaculatorDemoTests;
				PRODUCT_NAME = "$(TARGET_NAME)";
				SWIFT_EMIT_LOC_STRINGS = NO;
				SWIFT_VERSION = 5.0;
				TARGETED_DEVICE_FAMILY = "1,2";
				TEST_HOST = "$(BUILT_PRODUCTS_DIR)/DoubleCalculatorDemo.app/$(BUNDLE_EXECUTABLE_FOLDER_PATH)/DoubleCalculatorDemo";
			};
			name = Release;
		};
		66C72DD92B4AD4330025DE10 /* Debug */ = {
			isa = XCBuildConfiguration;
			buildSettings = {
				ALWAYS_EMBED_SWIFT_STANDARD_LIBRARIES = YES;
				CODE_SIGN_STYLE = Automatic;
				CURRENT_PROJECT_VERSION = 1;
				DEVELOPMENT_TEAM = U7Q4TM39AA;
				GENERATE_INFOPLIST_FILE = YES;
				MARKETING_VERSION = 1.0;
				PRODUCT_BUNDLE_IDENTIFIER = com.maxiao.ios.DoubleCaculatorDemoUITests;
				PRODUCT_NAME = "$(TARGET_NAME)";
				SWIFT_EMIT_LOC_STRINGS = NO;
				SWIFT_VERSION = 5.0;
				TARGETED_DEVICE_FAMILY = "1,2";
				TEST_TARGET_NAME = DoubleCaculatorDemo;
			};
			name = Debug;
		};
		66C72DDA2B4AD4330025DE10 /* Release */ = {
			isa = XCBuildConfiguration;
			buildSettings = {
				ALWAYS_EMBED_SWIFT_STANDARD_LIBRARIES = YES;
				CODE_SIGN_STYLE = Automatic;
				CURRENT_PROJECT_VERSION = 1;
				DEVELOPMENT_TEAM = U7Q4TM39AA;
				GENERATE_INFOPLIST_FILE = YES;
				MARKETING_VERSION = 1.0;
				PRODUCT_BUNDLE_IDENTIFIER = com.maxiao.ios.DoubleCaculatorDemoUITests;
				PRODUCT_NAME = "$(TARGET_NAME)";
				SWIFT_EMIT_LOC_STRINGS = NO;
				SWIFT_VERSION = 5.0;
				TARGETED_DEVICE_FAMILY = "1,2";
				TEST_TARGET_NAME = DoubleCaculatorDemo;
			};
			name = Release;
		};
/* End XCBuildConfiguration section */

/* Begin XCConfigurationList section */
		66C72DA32B4AD4310025DE10 /* Build configuration list for PBXProject "DoubleCalculatorDemo" */ = {
			isa = XCConfigurationList;
			buildConfigurations = (
				66C72DD02B4AD4330025DE10 /* Debug */,
				66C72DD12B4AD4330025DE10 /* Release */,
			);
			defaultConfigurationIsVisible = 0;
			defaultConfigurationName = Release;
		};
		66C72DD22B4AD4330025DE10 /* Build configuration list for PBXNativeTarget "DoubleCalculatorDemo" */ = {
			isa = XCConfigurationList;
			buildConfigurations = (
				66C72DD32B4AD4330025DE10 /* Debug */,
				66C72DD42B4AD4330025DE10 /* Release */,
			);
			defaultConfigurationIsVisible = 0;
			defaultConfigurationName = Release;
		};
		66C72DD52B4AD4330025DE10 /* Build configuration list for PBXNativeTarget "DoubleCalculatorDemoTests" */ = {
			isa = XCConfigurationList;
			buildConfigurations = (
				66C72DD62B4AD4330025DE10 /* Debug */,
				66C72DD72B4AD4330025DE10 /* Release */,
			);
			defaultConfigurationIsVisible = 0;
			defaultConfigurationName = Release;
		};
		66C72DD82B4AD4330025DE10 /* Build configuration list for PBXNativeTarget "DoubleCalculatorDemoUITests" */ = {
			isa = XCConfigurationList;
			buildConfigurations = (
				66C72DD92B4AD4330025DE10 /* Debug */,
				66C72DDA2B4AD4330025DE10 /* Release */,
			);
			defaultConfigurationIsVisible = 0;
			defaultConfigurationName = Release;
		};
/* End XCConfigurationList section */
	};
	rootObject = 66C72DA02B4AD4310025DE10 /* Project object */;
}
